
Microsoft Visual Studio Solution File, Format Version 10.00
# Visual Studio 2008
Project("{8BC9CEB8-8B4A-11D0-8D11-00A0C91BC942}") = "libembryo", "libembryo.vcproj", "{689B4F2B-666D-439F-9BF3-1203D813DE3F}"
EndProject
Project("{8BC9CEB8-8B4A-11D0-8D11-00A0C91BC942}") = "embryo_cc", "embryo_cc.vcproj", "{FBAF823B-A9D5-400F-98E6-AB5EDD444C11}"
	ProjectSection(ProjectDependencies) = postProject
		{689B4F2B-666D-439F-9BF3-1203D813DE3F} = {689B4F2B-666D-439F-9BF3-1203D813DE3F}
	EndProjectSection
EndProject
Global
	GlobalSection(SolutionConfigurationPlatforms) = preSolution
		Debug|Win32 = Debug|Win32
		Release|Win32 = Release|Win32
	EndGlobalSection
	GlobalSection(ProjectConfigurationPlatforms) = postSolution
		{689B4F2B-666D-439F-9BF3-1203D813DE3F}.Debug|Win32.ActiveCfg = Debug|Win32
		{689B4F2B-666D-439F-9BF3-1203D813DE3F}.Debug|Win32.Build.0 = Debug|Win32
		{689B4F2B-666D-439F-9BF3-1203D813DE3F}.Release|Win32.ActiveCfg = Release|Win32
		{689B4F2B-666D-439F-9BF3-1203D813DE3F}.Release|Win32.Build.0 = Release|Win32
		{FBAF823B-A9D5-400F-98E6-AB5EDD444C11}.Debug|Win32.ActiveCfg = Debug|Win32
		{FBAF823B-A9D5-400F-98E6-AB5EDD444C11}.Debug|Win32.Build.0 = Debug|Win32
		{FBAF823B-A9D5-400F-98E6-AB5EDD444C11}.Release|Win32.ActiveCfg = Release|Win32
		{FBAF823B-A9D5-400F-98E6-AB5EDD444C11}.Release|Win32.Build.0 = Release|Win32
	EndGlobalSection
	GlobalSection(SolutionProperties) = preSolution
		HideSolutionNode = FALSE
	EndGlobalSection
EndGlobal
